# This file is automatically @generated by Cargo.
# It is not intended for manual editing.
[[package]]
name = "dominions-5-draftgen"
version = "0.1.0"
dependencies = [
 "simple-error 0.1.13 (registry+https://github.com/rust-lang/crates.io-index)",
]

[[package]]
name = "simple-error"
version = "0.1.13"
source = "registry+https://github.com/rust-lang/crates.io-index"

[metadata]
"checksum simple-error 0.1.13 (registry+https://github.com/rust-lang/crates.io-index)" = "c00e871264295428089fb278c4b225be3ca92c227c918857f2e562bac973257b"
