# This file is automatically @generated by Cargo.
# It is not intended for manual editing.
[[package]]
name = "dominions-5-draftgen"
version = "0.1.0"
dependencies = [
 "simple-error 0.2.0 (registry+https://github.com/rust-lang/crates.io-index)",
]

[[package]]
name = "simple-error"
version = "0.2.0"
source = "registry+https://github.com/rust-lang/crates.io-index"

[metadata]
"checksum simple-error 0.2.0 (registry+https://github.com/rust-lang/crates.io-index)" = "30dec844a00c634b23676fa33f9833610148e13fbd679ec5ecce11d25fb1d213"
